
Microsoft Visual Studio Solution File, Format Version 12.00
# Visual Studio 15
VisualStudioVersion = 15.0.27428.2037
MinimumVisualStudioVersion = 10.0.40219.1
Project("{FAE04EC0-301F-11D3-BF4B-00C04F79EFBC}") = "ParticleMesh", "ParticleMesh\ParticleMesh.csproj", "{19BE3066-CB07-42CC-AC16-057F3EBD2B8A}"
EndProject
Global
	GlobalSection(SolutionConfigurationPlatforms) = preSolution
		Debug|Any CPU = Debug|Any CPU
		Release|Any CPU = Release|Any CPU
	EndGlobalSection
	GlobalSection(ProjectConfigurationPlatforms) = postSolution
		{19BE3066-CB07-42CC-AC16-057F3EBD2B8A}.Debug|Any CPU.ActiveCfg = Debug|Any CPU
		{19BE3066-CB07-42CC-AC16-057F3EBD2B8A}.Debug|Any CPU.Build.0 = Debug|Any CPU
		{19BE3066-CB07-42CC-AC16-057F3EBD2B8A}.Release|Any CPU.ActiveCfg = Release|Any CPU
		{19BE3066-CB07-42CC-AC16-057F3EBD2B8A}.Release|Any CPU.Build.0 = Release|Any CPU
	EndGlobalSection
	GlobalSection(SolutionProperties) = preSolution
		HideSolutionNode = FALSE
	EndGlobalSection
	GlobalSection(ExtensibilityGlobals) = postSolution
		SolutionGuid = {4BE0D01D-1B41-4BB7-8F09-473CED1B76AC}
	EndGlobalSection
EndGlobal
